name: Football Beat The Bookie R39F Identity Lock FROZEN

on:
  workflow_dispatch:

permissions:
  contents: read

jobs:
  frozen-canonical-fourth100-lock:
    if: ${{ false }}
    runs-on: ubuntu-latest
    steps:
      - run: |
          echo 'Canonical R39F fourth100 lock run: 31393447783.'
          echo 'Artifact 9064681095; identity SHA 3f9e3db0b0933c30be941e78c94d4c6010246ef6ad11304a0f2d0d8f22e16dd3.'
          echo 'Do not relock, replace, reseed or use consumed first300 labels.'
