name: Football Beat The Bookie R39D Identity Lock FROZEN

on:
  workflow_dispatch:

permissions:
  contents: read

jobs:
  frozen-canonical-lock:
    if: ${{ false }}
    runs-on: ubuntu-latest
    steps:
      - run: |
          echo 'Canonical R39D zero-label identity lock is run 31388761578.'
          echo 'Identity SHA: 739e9c7b3340ed52e02fb360a7c029a63d3da46ec28d1f1ddf3ccceec0f6c9b4'
          echo 'Artifact: 9062836528; do not relock or replace this fixed100.'
