name: Football Beat The Bookie R39E Identity Lock FROZEN

on:
  workflow_dispatch:

permissions:
  contents: read

jobs:
  frozen-canonical-third100-lock:
    if: ${{ false }}
    runs-on: ubuntu-latest
    steps:
      - run: |
          echo 'Canonical R39E third100 lock run: 31391512672.'
          echo 'Artifact 9063918202; identity SHA d6d97f0aef62a8eb6d7b8163e12852dcf7d85b88164ce6d29956b9f2bc082695.'
          echo 'Do not relock, replace, reseed or reuse consumed first200 labels.'
